# THIS IS AN AUTOGENERATED FILE. DO NOT EDIT THIS FILE DIRECTLY.
# yarn lockfile v1


"@types/node@10.12.18":
  version "10.12.18"
  resolved "https://registry.yarnpkg.com/@types/node/-/node-10.12.18.tgz#1d3ca764718915584fcd9f6344621b7672665c67"
  integrity sha512-fh+pAqt4xRzPfqA6eh3Z2y6fyZavRIumvjhaCL753+TVkGKGhpPeyrJG2JftD0T9q4GF00KjefsQ+PQNDdWQaQ==

ansi-regex@^5.0.1:
  version "5.0.1"
  resolved "https://registry.yarnpkg.com/ansi-regex/-/ansi-regex-5.0.1.tgz#082cb2c89c9fe8659a311a53bd6a4dc5301db304"
  integrity sha512-quJQXlTSUGL2LH9SUXo8VwsY4soanhgo6LNSm84E1LBcE8s3O0wpdiRzyR9z/ZZJMlMWv37qOOb9pdJlMUEKFQ==

ansi-styles@^4.0.0:
  version "4.3.0"
  resolved "https://registry.yarnpkg.com/ansi-styles/-/ansi-styles-4.3.0.tgz#edd803628ae71c04c85ae7a0906edad34b648937"
  integrity sha512-zbB9rCJAT1rbjiVDb2hqKFHNYLxgtk8NURxZ3IZwD3F6NtxbXZQCnnSi1Lkx+IDohdPlFp222wVALIheZJQSEg==
  dependencies:
    color-convert "^2.0.1"

argparse@^2.0.1:
  version "2.0.1"
  resolved "https://registry.yarnpkg.com/argparse/-/argparse-2.0.1.tgz#246f50f3ca78a3240f6c997e8a9bd1eac49e4b38"
  integrity sha512-8+9WqebbFzpX9OR+Wa6O29asIogeRMzcGtAINdpMHHyAg10f05aSFVBbcEqGf/PXw1EjAZ+q2/bEBg3DvurK3Q==

base-x@^3.0.2:
  version "3.0.8"
  resolved "https://registry.yarnpkg.com/base-x/-/base-x-3.0.8.tgz#1e1106c2537f0162e8b52474a557ebb09000018d"
  integrity sha512-Rl/1AWP4J/zRrk54hhlxH4drNxPJXYUaKffODVI53/dAsV4t9fBxyxYKAVPU1XBHxYwOWP9h9H0hM2MVw4YfJA==
  dependencies:
    safe-buffer "^5.0.1"

bech32@^1.1.2:
  version "1.1.4"
  resolved "https://registry.yarnpkg.com/bech32/-/bech32-1.1.4.tgz#e38c9f37bf179b8eb16ae3a772b40c356d4832e9"
  integrity sha512-s0IrSOzLlbvX7yp4WBfPITzpAU8sqQcpsmwXDiKwrG4r491vwCO/XpejasRNl0piBMe/DvP4Tz0mIS/X1DPJBQ==

bignumber.js@9.0.1:
  version "9.0.1"
  resolved "https://registry.yarnpkg.com/bignumber.js/-/bignumber.js-9.0.1.tgz#8d7ba124c882bfd8e43260c67475518d0689e4e5"
  integrity sha512-IdZR9mh6ahOBv/hYGiXyVuyCetmGJhtYkqLBpTStdhEGjegpPlUawydyaF3pbIOFynJTpllEs+NP+CS9jKFLjA==

bindings@^1.3.0:
  version "1.5.0"
  resolved "https://registry.yarnpkg.com/bindings/-/bindings-1.5.0.tgz#10353c9e945334bc0511a6d90b38fbc7c9c504df"
  integrity sha512-p2q/t/mhvuOj/UeLlV6566GD/guowlr0hHxClI0W9m7MWYkL1F0hLo+0Aexs9HSPCtR1SXQ0TD3MMKrXZajbiQ==
  dependencies:
    file-uri-to-path "1.0.0"

bip174@^2.0.1:
  version "2.0.1"
  resolved "https://registry.yarnpkg.com/bip174/-/bip174-2.0.1.tgz#39cf8ca99e50ce538fb762589832f4481d07c254"
  integrity sha512-i3X26uKJOkDTAalYAp0Er+qGMDhrbbh2o93/xiPyAN2s25KrClSpe3VXo/7mNJoqA5qfko8rLS2l3RWZgYmjKQ==

bip32@^2.0.4:
  version "2.0.6"
  resolved "https://registry.yarnpkg.com/bip32/-/bip32-2.0.6.tgz#6a81d9f98c4cd57d05150c60d8f9e75121635134"
  integrity sha512-HpV5OMLLGTjSVblmrtYRfFFKuQB+GArM0+XP8HGWfJ5vxYBqo+DesvJwOdC2WJ3bCkZShGf0QIfoIpeomVzVdA==
  dependencies:
    "@types/node" "10.12.18"
    bs58check "^2.1.1"
    create-hash "^1.2.0"
    create-hmac "^1.1.7"
    tiny-secp256k1 "^1.1.3"
    typeforce "^1.11.5"
    wif "^2.0.6"

bip66@^1.1.0:
  version "1.1.5"
  resolved "https://registry.yarnpkg.com/bip66/-/bip66-1.1.5.tgz#01fa8748785ca70955d5011217d1b3139969ca22"
  integrity sha1-AfqHSHhcpwlV1QESF9GzE5lpyiI=
  dependencies:
    safe-buffer "^5.0.1"

bitcoin-ops@^1.3.0, bitcoin-ops@^1.4.0:
  version "1.4.1"
  resolved "https://registry.yarnpkg.com/bitcoin-ops/-/bitcoin-ops-1.4.1.tgz#e45de620398e22fd4ca6023de43974ff42240278"
  integrity sha512-pef6gxZFztEhaE9RY9HmWVmiIHqCb2OyS4HPKkpc6CIiiOa3Qmuoylxc5P2EkU3w+5eTSifI9SEZC88idAIGow==

bitcoinjs-lib@5.2.0:
  version "5.2.0"
  resolved "https://registry.yarnpkg.com/bitcoinjs-lib/-/bitcoinjs-lib-5.2.0.tgz#caf8b5efb04274ded1b67e0706960b93afb9d332"
  integrity sha512-5DcLxGUDejgNBYcieMIUfjORtUeNWl828VWLHJGVKZCb4zIS1oOySTUr0LGmcqJBQgTBz3bGbRQla4FgrdQEIQ==
  dependencies:
    bech32 "^1.1.2"
    bip174 "^2.0.1"
    bip32 "^2.0.4"
    bip66 "^1.1.0"
    bitcoin-ops "^1.4.0"
    bs58check "^2.0.0"
    create-hash "^1.1.0"
    create-hmac "^1.1.3"
    merkle-lib "^2.0.10"
    pushdata-bitcoin "^1.0.1"
    randombytes "^2.0.1"
    tiny-secp256k1 "^1.1.1"
    typeforce "^1.11.3"
    varuint-bitcoin "^1.0.4"
    wif "^2.0.1"

bn.js@^4.11.8, bn.js@^4.11.9:
  version "4.12.0"
  resolved "https://registry.yarnpkg.com/bn.js/-/bn.js-4.12.0.tgz#775b3f278efbb9718eec7361f483fb36fbbfea88"
  integrity sha512-c98Bf3tPniI+scsdk237ku1Dc3ujXQTSgyiPUDEOe7tRkhrqridvh8klBv0HCEso1OLOYcHuCv/cS6DNxKH+ZA==

brorand@^1.1.0:
  version "1.1.0"
  resolved "https://registry.yarnpkg.com/brorand/-/brorand-1.1.0.tgz#12c25efe40a45e3c323eb8675a0a0ce57b22371f"
  integrity sha1-EsJe/kCkXjwyPrhnWgoM5XsiNx8=

bs58@^4.0.0:
  version "4.0.1"
  resolved "https://registry.yarnpkg.com/bs58/-/bs58-4.0.1.tgz#be161e76c354f6f788ae4071f63f34e8c4f0a42a"
  integrity sha1-vhYedsNU9veIrkBx9j806MTwpCo=
  dependencies:
    base-x "^3.0.2"

bs58check@<3.0.0, bs58check@^2.0.0, bs58check@^2.1.1, bs58check@^2.1.2:
  version "2.1.2"
  resolved "https://registry.yarnpkg.com/bs58check/-/bs58check-2.1.2.tgz#53b018291228d82a5aa08e7d796fdafda54aebfc"
  integrity sha512-0TS1jicxdU09dwJMNZtVAfzPi6Q6QeN0pM1Fkzrjn+XYHvzMKPU3pHVpva+769iNVSfIYWf7LJ6WR+BuuMf8cA==
  dependencies:
    bs58 "^4.0.0"
    create-hash "^1.1.0"
    safe-buffer "^5.1.2"

cipher-base@^1.0.1, cipher-base@^1.0.3:
  version "1.0.4"
  resolved "https://registry.yarnpkg.com/cipher-base/-/cipher-base-1.0.4.tgz#8760e4ecc272f4c363532f926d874aae2c1397de"
  integrity sha512-Kkht5ye6ZGmwv40uUDZztayT2ThLQGfnj/T71N/XzeZeo3nf8foyW7zGTsPYkEya3m5f3cAypH+qe7YOrM1U2Q==
  dependencies:
    inherits "^2.0.1"
    safe-buffer "^5.0.1"

cliui@^7.0.2:
  version "7.0.4"
  resolved "https://registry.yarnpkg.com/cliui/-/cliui-7.0.4.tgz#a0265ee655476fc807aea9df3df8df7783808b4f"
  integrity sha512-OcRE68cOsVMXp1Yvonl/fzkQOyjLSu/8bhPDfQt0e0/Eb283TKP20Fs2MqoPsr9SwA595rRCA+QMzYc9nBP+JQ==
  dependencies:
    string-width "^4.2.0"
    strip-ansi "^6.0.0"
    wrap-ansi "^7.0.0"

coercer@^1.1.2:
  version "1.1.2"
  resolved "https://registry.yarnpkg.com/coercer/-/coercer-1.1.2.tgz#eaea4459511f73f9f36ade04a98107ce75824b70"
  integrity sha1-6upEWVEfc/nzat4EqYEHznWCS3A=

color-convert@^2.0.1:
  version "2.0.1"
  resolved "https://registry.yarnpkg.com/color-convert/-/color-convert-2.0.1.tgz#72d3a68d598c9bdb3af2ad1e84f21d896abd4de3"
  integrity sha512-RRECPsj7iu/xb5oKYcsFHSppFNnsj/52OVTRKb4zP5onXwVF3zVmmToNcOfGC+CRDpfK/U584fMg38ZHCaElKQ==
  dependencies:
    color-name "~1.1.4"

color-name@~1.1.4:
  version "1.1.4"
  resolved "https://registry.yarnpkg.com/color-name/-/color-name-1.1.4.tgz#c2a09a87acbde69543de6f63fa3995c826c536a2"
  integrity sha512-dOy+3AuW3a2wNbZHIuMZpTcgjGuLU/uBL/ubcZF9OXbDo8ff4O8yVp5Bf0efS8uEoYo5q4Fx7dY9OgQGXgAsQA==

create-hash@^1.1.0, create-hash@^1.2.0:
  version "1.2.0"
  resolved "https://registry.yarnpkg.com/create-hash/-/create-hash-1.2.0.tgz#889078af11a63756bcfb59bd221996be3a9ef196"
  integrity sha512-z00bCGNHDG8mHAkP7CtT1qVu+bFQUPjYq/4Iv3C3kWjTFV10zIjfSoeqXo9Asws8gwSHDGj/hl2u4OGIjapeCg==
  dependencies:
    cipher-base "^1.0.1"
    inherits "^2.0.1"
    md5.js "^1.3.4"
    ripemd160 "^2.0.1"
    sha.js "^2.4.0"

create-hmac@^1.1.3, create-hmac@^1.1.7:
  version "1.1.7"
  resolved "https://registry.yarnpkg.com/create-hmac/-/create-hmac-1.1.7.tgz#69170c78b3ab957147b2b8b04572e47ead2243ff"
  integrity sha512-MJG9liiZ+ogc4TzUwuvbER1JRdgvUFSB5+VR/g5h82fGaIRWMWddtKBHi7/sVhfjQZ6SehlyhvQYrcYkaUIpLg==
  dependencies:
    cipher-base "^1.0.3"
    create-hash "^1.1.0"
    inherits "^2.0.1"
    ripemd160 "^2.0.0"
    safe-buffer "^5.0.1"
    sha.js "^2.4.8"

deep-extend@^0.6.0:
  version "0.6.0"
  resolved "https://registry.yarnpkg.com/deep-extend/-/deep-extend-0.6.0.tgz#c4fa7c95404a17a9c3e8ca7e1537312b736330ac"
  integrity sha512-LOHxIOaPYdHlJRtCQfDIVZtfw/ufM8+rVj649RIHzcm/vGwQRXFt6OPqIFWsm2XEMrNIEtWR64sY1LEKD2vAOA==

elliptic@^6.4.0, elliptic@^6.5.2:
  version "6.5.4"
  resolved "https://registry.yarnpkg.com/elliptic/-/elliptic-6.5.4.tgz#da37cebd31e79a1367e941b592ed1fbebd58abbb"
  integrity sha512-iLhC6ULemrljPZb+QutR5TQGB+pdW6KGD5RSegS+8sorOZT+rdQFbsQFJgvN3eRqNALqJer4oQ16YvJHlU8hzQ==
  dependencies:
    bn.js "^4.11.9"
    brorand "^1.1.0"
    hash.js "^1.0.0"
    hmac-drbg "^1.0.1"
    inherits "^2.0.4"
    minimalistic-assert "^1.0.1"
    minimalistic-crypto-utils "^1.0.1"

emoji-regex@^8.0.0:
  version "8.0.0"
  resolved "https://registry.yarnpkg.com/emoji-regex/-/emoji-regex-8.0.0.tgz#e818fd69ce5ccfcb404594f842963bf53164cc37"
  integrity sha512-MSjYzcWNOA0ewAHpz0MxpYFvwg6yjy1NG3xteoqz644VCo/RPgnr1/GGt+ic3iJTzQ8Eu3TdM14SawnVUmGE6A==

escalade@^3.1.1:
  version "3.1.1"
  resolved "https://registry.yarnpkg.com/escalade/-/escalade-3.1.1.tgz#d8cfdc7000965c5a0174b4a82eaa5c0552742e40"
  integrity sha512-k0er2gUkLf8O0zKJiAhmkTnJlTvINGv7ygDNPbeIsX/TJjGJZHuh9B2UxbsaEkmlEo9MfhrSzmhIlhRlI2GXnw==

file-uri-to-path@1.0.0:
  version "1.0.0"
  resolved "https://registry.yarnpkg.com/file-uri-to-path/-/file-uri-to-path-1.0.0.tgz#553a7b8446ff6f684359c445f1e37a05dacc33dd"
  integrity sha512-0Zt+s3L7Vf1biwWZ29aARiVYLx7iMGnEUl9x33fbB/j3jR81u/O2LbqK+Bm1CDSNDKVtJ/YjwY7TUd5SkeLQLw==

get-caller-file@^2.0.5:
  version "2.0.5"
  resolved "https://registry.yarnpkg.com/get-caller-file/-/get-caller-file-2.0.5.tgz#4f94412a82db32f36e3b0b9741f8a97feb031f7e"
  integrity sha512-DyFP3BM/3YHTQOCUL/w0OZHR0lpKeGrxotcHWcqNEdnltqFwXVfhEBQ94eIo34AfQpo0rGki4cyIiftY06h2Fg==

hash-base@^3.0.0:
  version "3.1.0"
  resolved "https://registry.yarnpkg.com/hash-base/-/hash-base-3.1.0.tgz#55c381d9e06e1d2997a883b4a3fddfe7f0d3af33"
  integrity sha512-1nmYp/rhMDiE7AYkDw+lLwlAzz0AntGIe51F3RfFfEqyQ3feY2eI/NcwC6umIQVOASPMsWJLJScWKSSvzL9IVA==
  dependencies:
    inherits "^2.0.4"
    readable-stream "^3.6.0"
    safe-buffer "^5.2.0"

hash.js@^1.0.0, hash.js@^1.0.3:
  version "1.1.7"
  resolved "https://registry.yarnpkg.com/hash.js/-/hash.js-1.1.7.tgz#0babca538e8d4ee4a0f8988d68866537a003cf42"
  integrity sha512-taOaskGt4z4SOANNseOviYDvjEJinIkRgmp7LbKP2YTTmVxWBl87s/uzK9r+44BclBSp2X7K1hqeNfz9JbBeXA==
  dependencies:
    inherits "^2.0.3"
    minimalistic-assert "^1.0.1"

hdkey@2.0.1:
  version "2.0.1"
  resolved "https://registry.yarnpkg.com/hdkey/-/hdkey-2.0.1.tgz#0a211d0c510bfc44fa3ec9d44b13b634641cad74"
  integrity sha512-c+tl9PHG9/XkGgG0tD7CJpRVaE0jfZizDNmnErUAKQ4EjQSOcOUcV3EN9ZEZS8pZ4usaeiiK0H7stzuzna8feA==
  dependencies:
    bs58check "^2.1.2"
    safe-buffer "^5.1.1"
    secp256k1 "^4.0.0"

hmac-drbg@^1.0.1:
  version "1.0.1"
  resolved "https://registry.yarnpkg.com/hmac-drbg/-/hmac-drbg-1.0.1.tgz#d2745701025a6c775a6c545793ed502fc0c649a1"
  integrity sha1-0nRXAQJabHdabFRXk+1QL8DGSaE=
  dependencies:
    hash.js "^1.0.3"
    minimalistic-assert "^1.0.0"
    minimalistic-crypto-utils "^1.0.1"

inherits@^2.0.1, inherits@^2.0.3, inherits@^2.0.4:
  version "2.0.4"
  resolved "https://registry.yarnpkg.com/inherits/-/inherits-2.0.4.tgz#0fa2c64f932917c3433a0ded55363aae37416b7c"
  integrity sha512-k/vGaX4/Yla3WzyMCvTQOXYeIHvqOKtnqBduzTHpzpQZzAskKMhZ2K+EnBiSM9zGSoIFeMpXKxa4dYeZIQqewQ==

is-fullwidth-code-point@^3.0.0:
  version "3.0.0"
  resolved "https://registry.yarnpkg.com/is-fullwidth-code-point/-/is-fullwidth-code-point-3.0.0.tgz#f116f8064fe90b3f7844a38997c0b75051269f1d"
  integrity sha512-zymm5+u+sCsSWyD9qNaejV3DFvhCKclKdizYaJUuHA83RLjb7nSuGnddCHGv0hk+KY7BMAlsWeK4Ueg6EV6XQg==

js-yaml@^4.0.0:
  version "4.1.0"
  resolved "https://registry.yarnpkg.com/js-yaml/-/js-yaml-4.1.0.tgz#c1fb65f8f5017901cdd2c951864ba18458a10602"
  integrity sha512-wpxZs9NoxZaJESJGIZTyDEaYpl0FKSA+FB9aJiyemKhMwkxQg63h4T1KJgUGHpTqPDNRcmmYLugrRjJlBtWvRA==
  dependencies:
    argparse "^2.0.1"

keyblade@^0.3.2:
  version "0.3.2"
  resolved "https://registry.yarnpkg.com/keyblade/-/keyblade-0.3.2.tgz#1e657f47746596807d6b591c53476bea9a1ac2d4"
  integrity sha1-HmV/R3RlloB9a1kcU0dr6poawtQ=

lodash@^4.17.21:
  version "4.17.21"
  resolved "https://registry.yarnpkg.com/lodash/-/lodash-4.17.21.tgz#679591c564c3bffaae8454cf0b3df370c3d6911c"
  integrity sha512-v2kDEe57lecTulaDIuNTPy3Ry4gLGJ6Z1O3vE1krgXZNrsQ+LFTGHVxVjcXPs17LhbZVGedAJv8XZ1tvj5FvSg==

md5.js@^1.3.4:
  version "1.3.5"
  resolved "https://registry.yarnpkg.com/md5.js/-/md5.js-1.3.5.tgz#b5d07b8e3216e3e27cd728d72f70d1e6a342005f"
  integrity sha512-xitP+WxNPcTTOgnTJcrhM0xvdPepipPSf3I8EIpGKeFLjt3PlJLIDG3u8EX53ZIubkb+5U2+3rELYpEhHhzdkg==
  dependencies:
    hash-base "^3.0.0"
    inherits "^2.0.1"
    safe-buffer "^5.1.2"

merkle-lib@^2.0.10:
  version "2.0.10"
  resolved "https://registry.yarnpkg.com/merkle-lib/-/merkle-lib-2.0.10.tgz#82b8dbae75e27a7785388b73f9d7725d0f6f3326"
  integrity sha1-grjbrnXieneFOItz+ddyXQ9vMyY=

minimalistic-assert@^1.0.0, minimalistic-assert@^1.0.1:
  version "1.0.1"
  resolved "https://registry.yarnpkg.com/minimalistic-assert/-/minimalistic-assert-1.0.1.tgz#2e194de044626d4a10e7f7fbc00ce73e83e4d5c7"
  integrity sha512-UtJcAD4yEaGtjPezWuO9wC4nwUnVH/8/Im3yEHQP4b67cXlD/Qr9hdITCU1xDbSEXg2XKNaP8jsReV7vQd00/A==

minimalistic-crypto-utils@^1.0.1:
  version "1.0.1"
  resolved "https://registry.yarnpkg.com/minimalistic-crypto-utils/-/minimalistic-crypto-utils-1.0.1.tgz#f6c00c1c0b082246e5c4d99dfb8c7c083b2b582a"
  integrity sha1-9sAMHAsIIkblxNmd+4x8CDsrWCo=

nan@^2.13.2:
  version "2.15.0"
  resolved "https://registry.yarnpkg.com/nan/-/nan-2.15.0.tgz#3f34a473ff18e15c1b5626b62903b5ad6e665fee"
  integrity sha512-8ZtvEnA2c5aYCZYd1cvgdnU6cqwixRoYg70xPLWUws5ORTa/lnw+u4amixRS/Ac5U5mQVgp9pnlSUnbNWFaWZQ==

node-addon-api@^2.0.0:
  version "2.0.2"
  resolved "https://registry.yarnpkg.com/node-addon-api/-/node-addon-api-2.0.2.tgz#432cfa82962ce494b132e9d72a15b29f71ff5d32"
  integrity sha512-Ntyt4AIXyaLIuMHF6IOoTakB3K+RWxwtsHNRxllEoA6vPwP9o4866g6YWDLUdnucilZhmkxiHwHr11gAENw+QA==

node-gyp-build@^4.2.0:
  version "4.3.0"
  resolved "https://registry.yarnpkg.com/node-gyp-build/-/node-gyp-build-4.3.0.tgz#9f256b03e5826150be39c764bf51e993946d71a3"
  integrity sha512-iWjXZvmboq0ja1pUGULQBexmxq8CV4xBhX7VDOTbL7ZR4FOowwY/VOtRxBN/yKxmdGoIp4j5ysNT4u3S2pDQ3Q==

pushdata-bitcoin@^1.0.1:
  version "1.0.1"
  resolved "https://registry.yarnpkg.com/pushdata-bitcoin/-/pushdata-bitcoin-1.0.1.tgz#15931d3cd967ade52206f523aa7331aef7d43af7"
  integrity sha1-FZMdPNlnreUiBvUjqnMxrvfUOvc=
  dependencies:
    bitcoin-ops "^1.3.0"

randombytes@^2.0.1:
  version "2.1.0"
  resolved "https://registry.yarnpkg.com/randombytes/-/randombytes-2.1.0.tgz#df6f84372f0270dc65cdf6291349ab7a473d4f2a"
  integrity sha512-vYl3iOX+4CKUWuxGi9Ukhie6fsqXqS9FE2Zaic4tNFD2N2QQaXOMFbuKK4QmDHC0JO6B1Zp41J0LpT0oR68amQ==
  dependencies:
    safe-buffer "^5.1.0"

readable-stream@^3.6.0:
  version "3.6.0"
  resolved "https://registry.yarnpkg.com/readable-stream/-/readable-stream-3.6.0.tgz#337bbda3adc0706bd3e024426a286d4b4b2c9198"
  integrity sha512-BViHy7LKeTz4oNnkcLJ+lVSL6vpiFeX6/d3oSH8zCW7UxP2onchk+vTGB143xuFjHS3deTgkKoXXymXqymiIdA==
  dependencies:
    inherits "^2.0.3"
    string_decoder "^1.1.1"
    util-deprecate "^1.0.1"

require-directory@^2.1.1:
  version "2.1.1"
  resolved "https://registry.yarnpkg.com/require-directory/-/require-directory-2.1.1.tgz#8c64ad5fd30dab1c976e2344ffe7f792a6a6df42"
  integrity sha1-jGStX9MNqxyXbiNE/+f3kqam30I=

ripemd160@^2.0.0, ripemd160@^2.0.1:
  version "2.0.2"
  resolved "https://registry.yarnpkg.com/ripemd160/-/ripemd160-2.0.2.tgz#a1c1a6f624751577ba5d07914cbc92850585890c"
  integrity sha512-ii4iagi25WusVoiC4B4lq7pbXfAp3D9v5CwfkY33vffw2+pkDjY1D8GaN7spsxvCSx8dkPqOZCEZyfxcmJG2IA==
  dependencies:
    hash-base "^3.0.0"
    inherits "^2.0.1"

safe-buffer@^5.0.1, safe-buffer@^5.1.0, safe-buffer@^5.1.1, safe-buffer@^5.1.2, safe-buffer@^5.2.0, safe-buffer@~5.2.0:
  version "5.2.1"
  resolved "https://registry.yarnpkg.com/safe-buffer/-/safe-buffer-5.2.1.tgz#1eaf9fa9bdb1fdd4ec75f58f9cdb4e6b7827eec6"
  integrity sha512-rp3So07KcdmmKbGvgaNxQSJr7bGVSVk5S9Eq1F+ppbRo70+YeaDxkw5Dd8NPN+GD6bjnYm2VuPuCXmpuYvmCXQ==

secp256k1@^4.0.0:
  version "4.0.2"
  resolved "https://registry.yarnpkg.com/secp256k1/-/secp256k1-4.0.2.tgz#15dd57d0f0b9fdb54ac1fa1694f40e5e9a54f4a1"
  integrity sha512-UDar4sKvWAksIlfX3xIaQReADn+WFnHvbVujpcbr+9Sf/69odMwy2MUsz5CKLQgX9nsIyrjuxL2imVyoNHa3fg==
  dependencies:
    elliptic "^6.5.2"
    node-addon-api "^2.0.0"
    node-gyp-build "^4.2.0"

sha.js@^2.4.0, sha.js@^2.4.8:
  version "2.4.11"
  resolved "https://registry.yarnpkg.com/sha.js/-/sha.js-2.4.11.tgz#37a5cf0b81ecbc6943de109ba2960d1b26584ae7"
  integrity sha512-QMEp5B7cftE7APOjk5Y6xgrbWu+WkLVQwk8JNjZ8nKRciZaByEW6MubieAiToS7+dwvrjGhH8jRXz3MVd0AYqQ==
  dependencies:
    inherits "^2.0.1"
    safe-buffer "^5.0.1"

string-width@^4.1.0, string-width@^4.2.0:
  version "4.2.3"
  resolved "https://registry.yarnpkg.com/string-width/-/string-width-4.2.3.tgz#269c7117d27b05ad2e536830a8ec895ef9c6d010"
  integrity sha512-wKyQRQpjJ0sIp62ErSZdGsjMJWsap5oRNihHhu6G7JVO/9jIB6UyevL+tXuOqrng8j/cxKTWyWUwvSTriiZz/g==
  dependencies:
    emoji-regex "^8.0.0"
    is-fullwidth-code-point "^3.0.0"
    strip-ansi "^6.0.1"

string_decoder@^1.1.1:
  version "1.3.0"
  resolved "https://registry.yarnpkg.com/string_decoder/-/string_decoder-1.3.0.tgz#42f114594a46cf1a8e30b0a84f56c78c3edac21e"
  integrity sha512-hkRX8U1WjJFd8LsDJ2yQ/wWWxaopEsABU1XfkM8A+j0+85JAGppt16cr1Whg6KIbb4okU6Mql6BOj+uup/wKeA==
  dependencies:
    safe-buffer "~5.2.0"

strip-ansi@^6.0.0, strip-ansi@^6.0.1:
  version "6.0.1"
  resolved "https://registry.yarnpkg.com/strip-ansi/-/strip-ansi-6.0.1.tgz#9e26c63d30f53443e9489495b2105d37b67a85d9"
  integrity sha512-Y38VPSHcqkFrCpFnQ9vuSXmquuv5oXOKpGeT6aGrr3o3Gc9AlVa6JBfUSOCnbxGGZF+/0ooI7KrPuUSztUdU5A==
  dependencies:
    ansi-regex "^5.0.1"

tiny-secp256k1@^1.1.1, tiny-secp256k1@^1.1.3:
  version "1.1.6"
  resolved "https://registry.yarnpkg.com/tiny-secp256k1/-/tiny-secp256k1-1.1.6.tgz#7e224d2bee8ab8283f284e40e6b4acb74ffe047c"
  integrity sha512-FmqJZGduTyvsr2cF3375fqGHUovSwDi/QytexX1Se4BPuPZpTE5Ftp5fg+EFSuEf3lhZqgCRjEG3ydUQ/aNiwA==
  dependencies:
    bindings "^1.3.0"
    bn.js "^4.11.8"
    create-hmac "^1.1.7"
    elliptic "^6.4.0"
    nan "^2.13.2"

typeforce@^1.11.3, typeforce@^1.11.5:
  version "1.18.0"
  resolved "https://registry.yarnpkg.com/typeforce/-/typeforce-1.18.0.tgz#d7416a2c5845e085034d70fcc5b6cc4a90edbfdc"
  integrity sha512-7uc1O8h1M1g0rArakJdf0uLRSSgFcYexrVoKo+bzJd32gd4gDy2L/Z+8/FjPnU9ydY3pEnVPtr9FyscYY60K1g==

util-deprecate@^1.0.1:
  version "1.0.2"
  resolved "https://registry.yarnpkg.com/util-deprecate/-/util-deprecate-1.0.2.tgz#450d4dc9fa70de732762fbd2d4a28981419a0ccf"
  integrity sha1-RQ1Nyfpw3nMnYvvS1KKJgUGaDM8=

varuint-bitcoin@^1.0.4:
  version "1.1.2"
  resolved "https://registry.yarnpkg.com/varuint-bitcoin/-/varuint-bitcoin-1.1.2.tgz#e76c138249d06138b480d4c5b40ef53693e24e92"
  integrity sha512-4EVb+w4rx+YfVM32HQX42AbbT7/1f5zwAYhIujKXKk8NQK+JfRVl3pqT3hjNn/L+RstigmGGKVwHA/P0wgITZw==
  dependencies:
    safe-buffer "^5.1.1"

wif@^2.0.1, wif@^2.0.6:
  version "2.0.6"
  resolved "https://registry.yarnpkg.com/wif/-/wif-2.0.6.tgz#08d3f52056c66679299726fade0d432ae74b4704"
  integrity sha1-CNP1IFbGZnkplyb63g1DKudLRwQ=
  dependencies:
    bs58check "<3.0.0"

wrap-ansi@^7.0.0:
  version "7.0.0"
  resolved "https://registry.yarnpkg.com/wrap-ansi/-/wrap-ansi-7.0.0.tgz#67e145cff510a6a6984bdf1152911d69d2eb9e43"
  integrity sha512-YVGIj2kamLSTxw6NsZjoBxfSwsn0ycdesmc4p+Q21c5zPuZ1pl+NfxVdxPtdHvmNVOQ6XSYG4AUtyt/Fi7D16Q==
  dependencies:
    ansi-styles "^4.0.0"
    string-width "^4.1.0"
    strip-ansi "^6.0.0"

y18n@^5.0.5:
  version "5.0.8"
  resolved "https://registry.yarnpkg.com/y18n/-/y18n-5.0.8.tgz#7f4934d0f7ca8c56f95314939ddcd2dd91ce1d55"
  integrity sha512-0pfFzegeDWJHJIAmTLRP2DwHjdF5s7jo9tuztdQxAhINCdvS+3nGINqPd00AphqJR/0LhANUS6/+7SCb98YOfA==

yargs-parser@^20.2.2:
  version "20.2.9"
  resolved "https://registry.yarnpkg.com/yargs-parser/-/yargs-parser-20.2.9.tgz#2eb7dc3b0289718fc295f362753845c41a0c94ee"
  integrity sha512-y11nGElTIV+CT3Zv9t7VKl+Q3hTQoT9a1Qzezhhl6Rp21gJ/IVTW7Z3y9EWXhuUBC2Shnf+DX0antecpAwSP8w==

yargs@^16.2.0:
  version "16.2.0"
  resolved "https://registry.yarnpkg.com/yargs/-/yargs-16.2.0.tgz#1c82bf0f6b6a66eafce7ef30e376f49a12477f66"
  integrity sha512-D1mvvtDG0L5ft/jGWkLpG1+m0eQxOfaBvTNELraWj22wSVUMWxZUvYgJYcKh6jGGIkJFhH4IZPQhR4TKpc8mBw==
  dependencies:
    cliui "^7.0.2"
    escalade "^3.1.1"
    get-caller-file "^2.0.5"
    require-directory "^2.1.1"
    string-width "^4.2.0"
    y18n "^5.0.5"
    yargs-parser "^20.2.2"

yenv@^3.0.0:
  version "3.0.0"
  resolved "https://registry.yarnpkg.com/yenv/-/yenv-3.0.0.tgz#8fe7eadbccda6f4e4271bf12ba3169bbe207f16d"
  integrity sha512-ghUzu49pchzamfLuJrplGlZc+N3dyPmFyv2B2W+ZzTvTuuwU3WJaR5P0zPNbixIuTr4Mo4iSPQ4R8P2eAhcSww==
  dependencies:
    coercer "^1.1.2"
    deep-extend "^0.6.0"
    js-yaml "^4.0.0"
    keyblade "^0.3.2"
    yargs "^16.2.0"
